
Microsoft Visual Studio Solution File, Format Version 12.00
# Visual Studio Version 17
VisualStudioVersion = 17.1.32228.430
MinimumVisualStudioVersion = 10.0.40219.1
Project("{FAE04EC0-301F-11D3-BF4B-00C04F79EFBC}") = "DesafioOrderProduct", "DesafioOrderProduct\DesafioOrderProduct.csproj", "{63E9FCC6-A79E-4D3B-BA64-E1F45C3563E9}"
EndProject
Global
	GlobalSection(SolutionConfigurationPlatforms) = preSolution
		Debug|Any CPU = Debug|Any CPU
		Release|Any CPU = Release|Any CPU
	EndGlobalSection
	GlobalSection(ProjectConfigurationPlatforms) = postSolution
		{63E9FCC6-A79E-4D3B-BA64-E1F45C3563E9}.Debug|Any CPU.ActiveCfg = Debug|Any CPU
		{63E9FCC6-A79E-4D3B-BA64-E1F45C3563E9}.Debug|Any CPU.Build.0 = Debug|Any CPU
		{63E9FCC6-A79E-4D3B-BA64-E1F45C3563E9}.Release|Any CPU.ActiveCfg = Release|Any CPU
		{63E9FCC6-A79E-4D3B-BA64-E1F45C3563E9}.Release|Any CPU.Build.0 = Release|Any CPU
	EndGlobalSection
	GlobalSection(SolutionProperties) = preSolution
		HideSolutionNode = FALSE
	EndGlobalSection
	GlobalSection(ExtensibilityGlobals) = postSolution
		SolutionGuid = {AE843204-33F7-4609-BA99-10206CF4DFD0}
	EndGlobalSection
EndGlobal
